<?xml version="1.0" encoding="UTF-8"?>
<Scheme
   LastUpgradeVersion = "1130"
   version = "1.7">
   <BuildAction
      parallelizeBuildables = "YES"
      buildImplicitDependencies = "YES">
      <PostActions>
         <ExecutionAction
            ActionType = "Xcode.IDEStandardExecutionActionsCore.ExecutionActionType.ShellScriptAction">
            <ActionContent
               title = "Run Script"
               scriptText = "mkdir -p &quot;$SOURCE_ROOT/build/$CONFIGURATION&quot;&#10;&#10;if [ ! -z &quot;$(ls &quot;$BUILT_PRODUCTS_DIR&quot; 2&gt;/dev/null)&quot; ]; then&#10;    cp -R &quot;$BUILT_PRODUCTS_DIR/&quot;* &quot;$SOURCE_ROOT/build/$CONFIGURATION/&quot;&#10;    cp -R &quot;$BUILD_ROOT/org.gpgtools.Libmacgpg.xpc.plist&quot; &quot;$SOURCE_ROOT/build/&quot;&#10;fi&#10;">
               <EnvironmentBuildable>
                  <BuildableReference
                     BuildableIdentifier = "primary"
                     BlueprintIdentifier = "1B2F2D6F214FF12A00740DD3"
                     BuildableName = "org.gpgtools.Libmacgpg.xpc"
                     BlueprintName = "org.gpgtools.Libmacgpg.xpc"
                     ReferencedContainer = "container:Libmacgpg.xcodeproj">
                  </BuildableReference>
               </EnvironmentBuildable>
            </ActionContent>
         </ExecutionAction>
      </PostActions>
      <BuildActionEntries>
         <BuildActionEntry
            buildForTesting = "YES"
            buildForRunning = "YES"
            buildForProfiling = "YES"
            buildForArchiving = "YES"
            buildForAnalyzing = "YES">
            <BuildableReference
               BuildableIdentifier = "primary"
               BlueprintIdentifier = "8DC2EF4F0486A6940098B216"
               BuildableName = "Libmacgpg.framework"
               BlueprintName = "Libmacgpg"
               ReferencedContainer = "container:Libmacgpg.xcodeproj">
            </BuildableReference>
         </BuildActionEntry>
         <BuildActionEntry
            buildForTesting = "YES"
            buildForRunning = "YES"
            buildForProfiling = "YES"
            buildForArchiving = "YES"
            buildForAnalyzing = "YES">
            <BuildableReference
               BuildableIdentifier = "primary"
               BlueprintIdentifier = "1B2F2D6F214FF12A00740DD3"
               BuildableName = "org.gpgtools.Libmacgpg.xpc"
               BlueprintName = "org.gpgtools.Libmacgpg.xpc"
               ReferencedContainer = "container:Libmacgpg.xcodeproj">
            </BuildableReference>
         </BuildActionEntry>
      </BuildActionEntries>
   </BuildAction>
   <TestAction
      buildConfiguration = "Debug"
      selectedDebuggerIdentifier = "Xcode.DebuggerFoundation.Debugger.LLDB"
      selectedLauncherIdentifier = "Xcode.DebuggerFoundation.Launcher.LLDB"
      shouldUseLaunchSchemeArgsEnv = "YES">
      <MacroExpansion>
         <BuildableReference
            BuildableIdentifier = "primary"
            BlueprintIdentifier = "8DC2EF4F0486A6940098B216"
            BuildableName = "Libmacgpg.framework"
            BlueprintName = "Libmacgpg"
            ReferencedContainer = "container:Libmacgpg.xcodeproj">
         </BuildableReference>
      </MacroExpansion>
      <Testables>
         <TestableReference
            skipped = "NO">
            <BuildableReference
               BuildableIdentifier = "primary"
               BlueprintIdentifier = "30BE73BD1B54015C001A2137"
               BuildableName = "UnitTests.xctest"
               BlueprintName = "UnitTests"
               ReferencedContainer = "container:Libmacgpg.xcodeproj">
            </BuildableReference>
            <SkippedTests>
               <Test
                  Identifier = "GPGSocketCloseTest">
               </Test>
            </SkippedTests>
         </TestableReference>
      </Testables>
   </TestAction>
   <LaunchAction
      buildConfiguration = "Debug"
      selectedDebuggerIdentifier = "Xcode.DebuggerFoundation.Debugger.LLDB"
      selectedLauncherIdentifier = "Xcode.DebuggerFoundation.Launcher.LLDB"
      launchStyle = "0"
      useCustomWorkingDirectory = "NO"
      ignoresPersistentStateOnLaunch = "NO"
      debugDocumentVersioning = "YES"
      debugServiceExtension = "internal"
      allowLocationSimulation = "YES">
      <MacroExpansion>
         <BuildableReference
            BuildableIdentifier = "primary"
            BlueprintIdentifier = "8DC2EF4F0486A6940098B216"
            BuildableName = "Libmacgpg.framework"
            BlueprintName = "Libmacgpg"
            ReferencedContainer = "container:Libmacgpg.xcodeproj">
         </BuildableReference>
      </MacroExpansion>
   </LaunchAction>
   <ProfileAction
      buildConfiguration = "Release"
      shouldUseLaunchSchemeArgsEnv = "YES"
      savedToolIdentifier = ""
      useCustomWorkingDirectory = "YES"
      debugDocumentVersioning = "YES">
      <MacroExpansion>
         <BuildableReference
            BuildableIdentifier = "primary"
            BlueprintIdentifier = "8DC2EF4F0486A6940098B216"
            BuildableName = "Libmacgpg.framework"
            BlueprintName = "Libmacgpg"
            ReferencedContainer = "container:Libmacgpg.xcodeproj">
         </BuildableReference>
      </MacroExpansion>
   </ProfileAction>
   <AnalyzeAction
      buildConfiguration = "Debug">
   </AnalyzeAction>
   <ArchiveAction
      buildConfiguration = "Release"
      revealArchiveInOrganizer = "YES">
   </ArchiveAction>
</Scheme>
